
Microsoft Visual Studio Solution File, Format Version 12.00
# Visual Studio 2013
VisualStudioVersion = 12.0.30501.0
MinimumVisualStudioVersion = 10.0.40219.1
Project("{E24C65DC-7377-472B-9ABA-BC803B73C61A}") = "TP4", "http://localhost:3044", "{14485531-5719-48F6-B982-FB8E99B00AFA}"
	ProjectSection(WebsiteProperties) = preProject
		UseIISExpress = "true"
		TargetFrameworkMoniker = ".NETFramework,Version%3Dv4.5"
		Debug.AspNetCompiler.VirtualPath = "/localhost_3044"
		Debug.AspNetCompiler.PhysicalPath = "D:\WORK HERE NOT IN GITHUB\TP4\"
		Debug.AspNetCompiler.TargetPath = "PrecompiledWeb\localhost_3044\"
		Debug.AspNetCompiler.Updateable = "true"
		Debug.AspNetCompiler.ForceOverwrite = "true"
		Debug.AspNetCompiler.FixedNames = "false"
		Debug.AspNetCompiler.Debug = "True"
		Release.AspNetCompiler.VirtualPath = "/localhost_3044"
		Release.AspNetCompiler.PhysicalPath = "D:\WORK HERE NOT IN GITHUB\TP4\"
		Release.AspNetCompiler.TargetPath = "PrecompiledWeb\localhost_3044\"
		Release.AspNetCompiler.Updateable = "true"
		Release.AspNetCompiler.ForceOverwrite = "true"
		Release.AspNetCompiler.FixedNames = "false"
		Release.AspNetCompiler.Debug = "False"
		SlnRelativePath = "D:\WORK HERE NOT IN GITHUB\TP4\"
	EndProjectSection
EndProject
Global
	GlobalSection(SolutionConfigurationPlatforms) = preSolution
		Debug|Any CPU = Debug|Any CPU
	EndGlobalSection
	GlobalSection(ProjectConfigurationPlatforms) = postSolution
		{14485531-5719-48F6-B982-FB8E99B00AFA}.Debug|Any CPU.ActiveCfg = Debug|Any CPU
		{14485531-5719-48F6-B982-FB8E99B00AFA}.Debug|Any CPU.Build.0 = Debug|Any CPU
	EndGlobalSection
	GlobalSection(SolutionProperties) = preSolution
		HideSolutionNode = FALSE
	EndGlobalSection
EndGlobal
